
Microsoft Visual Studio Solution File, Format Version 12.00
# Visual Studio Version 16
VisualStudioVersion = 16.0.31605.320
MinimumVisualStudioVersion = 10.0.40219.1
Project("{FAE04EC0-301F-11D3-BF4B-00C04F79EFBC}") = "Variables_int_keyboard", "Variables_int_keyboard\Variables_int_keyboard.csproj", "{7474014F-C23B-472D-BE90-F0249F6112F0}"
EndProject
Global
	GlobalSection(SolutionConfigurationPlatforms) = preSolution
		Debug|Any CPU = Debug|Any CPU
		Release|Any CPU = Release|Any CPU
	EndGlobalSection
	GlobalSection(ProjectConfigurationPlatforms) = postSolution
		{7474014F-C23B-472D-BE90-F0249F6112F0}.Debug|Any CPU.ActiveCfg = Debug|Any CPU
		{7474014F-C23B-472D-BE90-F0249F6112F0}.Debug|Any CPU.Build.0 = Debug|Any CPU
		{7474014F-C23B-472D-BE90-F0249F6112F0}.Release|Any CPU.ActiveCfg = Release|Any CPU
		{7474014F-C23B-472D-BE90-F0249F6112F0}.Release|Any CPU.Build.0 = Release|Any CPU
	EndGlobalSection
	GlobalSection(SolutionProperties) = preSolution
		HideSolutionNode = FALSE
	EndGlobalSection
	GlobalSection(ExtensibilityGlobals) = postSolution
		SolutionGuid = {483F95C7-4AC7-466D-BC1E-363E53249959}
	EndGlobalSection
EndGlobal
