
Microsoft Visual Studio Solution File, Format Version 12.00
# Visual Studio Version 16
VisualStudioVersion = 16.0.31605.320
MinimumVisualStudioVersion = 10.0.40219.1
Project("{FAE04EC0-301F-11D3-BF4B-00C04F79EFBC}") = "CalculatorApp", "CalculatorApp\CalculatorApp.csproj", "{1AF13D95-25A3-47C5-AFF6-B34A2FEE09E1}"
EndProject
Global
	GlobalSection(SolutionConfigurationPlatforms) = preSolution
		Debug|Any CPU = Debug|Any CPU
		Release|Any CPU = Release|Any CPU
	EndGlobalSection
	GlobalSection(ProjectConfigurationPlatforms) = postSolution
		{1AF13D95-25A3-47C5-AFF6-B34A2FEE09E1}.Debug|Any CPU.ActiveCfg = Debug|Any CPU
		{1AF13D95-25A3-47C5-AFF6-B34A2FEE09E1}.Debug|Any CPU.Build.0 = Debug|Any CPU
		{1AF13D95-25A3-47C5-AFF6-B34A2FEE09E1}.Release|Any CPU.ActiveCfg = Release|Any CPU
		{1AF13D95-25A3-47C5-AFF6-B34A2FEE09E1}.Release|Any CPU.Build.0 = Release|Any CPU
	EndGlobalSection
	GlobalSection(SolutionProperties) = preSolution
		HideSolutionNode = FALSE
	EndGlobalSection
	GlobalSection(ExtensibilityGlobals) = postSolution
		SolutionGuid = {E22EA64C-6B31-4600-AD73-DC330192085A}
	EndGlobalSection
EndGlobal
