
Microsoft Visual Studio Solution File, Format Version 12.00
# Visual Studio Version 16
VisualStudioVersion = 16.0.31605.320
MinimumVisualStudioVersion = 10.0.40219.1
Project("{FAE04EC0-301F-11D3-BF4B-00C04F79EFBC}") = "Exception_Messages", "Exception_Messages\Exception_Messages.csproj", "{ACFFC5A7-F81B-4650-9D35-0F60839B1CE5}"
EndProject
Global
	GlobalSection(SolutionConfigurationPlatforms) = preSolution
		Debug|Any CPU = Debug|Any CPU
		Release|Any CPU = Release|Any CPU
	EndGlobalSection
	GlobalSection(ProjectConfigurationPlatforms) = postSolution
		{ACFFC5A7-F81B-4650-9D35-0F60839B1CE5}.Debug|Any CPU.ActiveCfg = Debug|Any CPU
		{ACFFC5A7-F81B-4650-9D35-0F60839B1CE5}.Debug|Any CPU.Build.0 = Debug|Any CPU
		{ACFFC5A7-F81B-4650-9D35-0F60839B1CE5}.Release|Any CPU.ActiveCfg = Release|Any CPU
		{ACFFC5A7-F81B-4650-9D35-0F60839B1CE5}.Release|Any CPU.Build.0 = Release|Any CPU
	EndGlobalSection
	GlobalSection(SolutionProperties) = preSolution
		HideSolutionNode = FALSE
	EndGlobalSection
	GlobalSection(ExtensibilityGlobals) = postSolution
		SolutionGuid = {A1719CF4-F53E-4E30-8484-EE60B9D475E7}
	EndGlobalSection
EndGlobal
