
Microsoft Visual Studio Solution File, Format Version 12.00
# Visual Studio Version 16
VisualStudioVersion = 16.0.31605.320
MinimumVisualStudioVersion = 10.0.40219.1
Project("{FAE04EC0-301F-11D3-BF4B-00C04F79EFBC}") = "MaskedtextboxPictureboxDatatimepickerApp", "MaskedtextboxPictureboxDatatimepickerApp\MaskedtextboxPictureboxDatatimepickerApp.csproj", "{29EE9312-2061-4B7C-AF2A-EF6285A5AC6A}"
EndProject
Global
	GlobalSection(SolutionConfigurationPlatforms) = preSolution
		Debug|Any CPU = Debug|Any CPU
		Release|Any CPU = Release|Any CPU
	EndGlobalSection
	GlobalSection(ProjectConfigurationPlatforms) = postSolution
		{29EE9312-2061-4B7C-AF2A-EF6285A5AC6A}.Debug|Any CPU.ActiveCfg = Debug|Any CPU
		{29EE9312-2061-4B7C-AF2A-EF6285A5AC6A}.Debug|Any CPU.Build.0 = Debug|Any CPU
		{29EE9312-2061-4B7C-AF2A-EF6285A5AC6A}.Release|Any CPU.ActiveCfg = Release|Any CPU
		{29EE9312-2061-4B7C-AF2A-EF6285A5AC6A}.Release|Any CPU.Build.0 = Release|Any CPU
	EndGlobalSection
	GlobalSection(SolutionProperties) = preSolution
		HideSolutionNode = FALSE
	EndGlobalSection
	GlobalSection(ExtensibilityGlobals) = postSolution
		SolutionGuid = {0C6B03CE-1C98-4D80-A259-A73B6B0A9D33}
	EndGlobalSection
EndGlobal
