
Microsoft Visual Studio Solution File, Format Version 12.00
# Visual Studio Version 16
VisualStudioVersion = 16.0.31605.320
MinimumVisualStudioVersion = 10.0.40219.1
Project("{FAE04EC0-301F-11D3-BF4B-00C04F79EFBC}") = "ChckbxRadiobtnRctxtbxPnlGrpbxApp", "ChckbxRadiobtnRctxtbxPnlGrpbxApp\ChckbxRadiobtnRctxtbxPnlGrpbxApp.csproj", "{554A9676-4835-43C1-A9F9-D04A28C15A74}"
EndProject
Global
	GlobalSection(SolutionConfigurationPlatforms) = preSolution
		Debug|Any CPU = Debug|Any CPU
		Release|Any CPU = Release|Any CPU
	EndGlobalSection
	GlobalSection(ProjectConfigurationPlatforms) = postSolution
		{554A9676-4835-43C1-A9F9-D04A28C15A74}.Debug|Any CPU.ActiveCfg = Debug|Any CPU
		{554A9676-4835-43C1-A9F9-D04A28C15A74}.Debug|Any CPU.Build.0 = Debug|Any CPU
		{554A9676-4835-43C1-A9F9-D04A28C15A74}.Release|Any CPU.ActiveCfg = Release|Any CPU
		{554A9676-4835-43C1-A9F9-D04A28C15A74}.Release|Any CPU.Build.0 = Release|Any CPU
	EndGlobalSection
	GlobalSection(SolutionProperties) = preSolution
		HideSolutionNode = FALSE
	EndGlobalSection
	GlobalSection(ExtensibilityGlobals) = postSolution
		SolutionGuid = {347C19DF-B52D-4290-B1F4-D4A95BC6F314}
	EndGlobalSection
EndGlobal
