
Microsoft Visual Studio Solution File, Format Version 12.00
# Visual Studio Version 16
VisualStudioVersion = 16.0.31605.320
MinimumVisualStudioVersion = 10.0.40219.1
Project("{FAE04EC0-301F-11D3-BF4B-00C04F79EFBC}") = "Example_Console", "Example_Console\Example_Console.csproj", "{EBEB81C0-FEDF-414C-A367-3D4729D3D89D}"
EndProject
Global
	GlobalSection(SolutionConfigurationPlatforms) = preSolution
		Debug|Any CPU = Debug|Any CPU
		Release|Any CPU = Release|Any CPU
	EndGlobalSection
	GlobalSection(ProjectConfigurationPlatforms) = postSolution
		{EBEB81C0-FEDF-414C-A367-3D4729D3D89D}.Debug|Any CPU.ActiveCfg = Debug|Any CPU
		{EBEB81C0-FEDF-414C-A367-3D4729D3D89D}.Debug|Any CPU.Build.0 = Debug|Any CPU
		{EBEB81C0-FEDF-414C-A367-3D4729D3D89D}.Release|Any CPU.ActiveCfg = Release|Any CPU
		{EBEB81C0-FEDF-414C-A367-3D4729D3D89D}.Release|Any CPU.Build.0 = Release|Any CPU
	EndGlobalSection
	GlobalSection(SolutionProperties) = preSolution
		HideSolutionNode = FALSE
	EndGlobalSection
	GlobalSection(ExtensibilityGlobals) = postSolution
		SolutionGuid = {412A36CB-F975-4297-85C2-D2EEAFC86D78}
	EndGlobalSection
EndGlobal
