
Microsoft Visual Studio Solution File, Format Version 12.00
# Visual Studio Version 16
VisualStudioVersion = 16.0.31605.320
MinimumVisualStudioVersion = 10.0.40219.1
Project("{FAE04EC0-301F-11D3-BF4B-00C04F79EFBC}") = "Digital_clock_withTimer", "Digital_clock_withTimer\Digital_clock_withTimer.csproj", "{893CABCA-B2DB-4067-BD7C-38C6887AFDA2}"
EndProject
Global
	GlobalSection(SolutionConfigurationPlatforms) = preSolution
		Debug|Any CPU = Debug|Any CPU
		Release|Any CPU = Release|Any CPU
	EndGlobalSection
	GlobalSection(ProjectConfigurationPlatforms) = postSolution
		{893CABCA-B2DB-4067-BD7C-38C6887AFDA2}.Debug|Any CPU.ActiveCfg = Debug|Any CPU
		{893CABCA-B2DB-4067-BD7C-38C6887AFDA2}.Debug|Any CPU.Build.0 = Debug|Any CPU
		{893CABCA-B2DB-4067-BD7C-38C6887AFDA2}.Release|Any CPU.ActiveCfg = Release|Any CPU
		{893CABCA-B2DB-4067-BD7C-38C6887AFDA2}.Release|Any CPU.Build.0 = Release|Any CPU
	EndGlobalSection
	GlobalSection(SolutionProperties) = preSolution
		HideSolutionNode = FALSE
	EndGlobalSection
	GlobalSection(ExtensibilityGlobals) = postSolution
		SolutionGuid = {E35CC6D0-796A-4CA1-94A2-D652DBDB03FF}
	EndGlobalSection
EndGlobal
