
Microsoft Visual Studio Solution File, Format Version 12.00
# Visual Studio Version 16
VisualStudioVersion = 16.0.31605.320
MinimumVisualStudioVersion = 10.0.40219.1
Project("{FAE04EC0-301F-11D3-BF4B-00C04F79EFBC}") = "Variables_int", "Variables_int\Variables_int.csproj", "{06E3D48B-44CE-4767-A89E-458BCAD75E30}"
EndProject
Global
	GlobalSection(SolutionConfigurationPlatforms) = preSolution
		Debug|Any CPU = Debug|Any CPU
		Release|Any CPU = Release|Any CPU
	EndGlobalSection
	GlobalSection(ProjectConfigurationPlatforms) = postSolution
		{06E3D48B-44CE-4767-A89E-458BCAD75E30}.Debug|Any CPU.ActiveCfg = Debug|Any CPU
		{06E3D48B-44CE-4767-A89E-458BCAD75E30}.Debug|Any CPU.Build.0 = Debug|Any CPU
		{06E3D48B-44CE-4767-A89E-458BCAD75E30}.Release|Any CPU.ActiveCfg = Release|Any CPU
		{06E3D48B-44CE-4767-A89E-458BCAD75E30}.Release|Any CPU.Build.0 = Release|Any CPU
	EndGlobalSection
	GlobalSection(SolutionProperties) = preSolution
		HideSolutionNode = FALSE
	EndGlobalSection
	GlobalSection(ExtensibilityGlobals) = postSolution
		SolutionGuid = {1FC27D80-1BC5-4961-B3EF-ACA23501F670}
	EndGlobalSection
EndGlobal
