
Microsoft Visual Studio Solution File, Format Version 12.00
# Visual Studio Version 16
VisualStudioVersion = 16.0.31605.320
MinimumVisualStudioVersion = 10.0.40219.1
Project("{FAE04EC0-301F-11D3-BF4B-00C04F79EFBC}") = "FlightTicketReservationSystem", "FlightTicketReservationSystem\FlightTicketReservationSystem.csproj", "{3C97F271-B619-418D-A39D-B7EAB0CBDF5F}"
EndProject
Global
	GlobalSection(SolutionConfigurationPlatforms) = preSolution
		Debug|Any CPU = Debug|Any CPU
		Release|Any CPU = Release|Any CPU
	EndGlobalSection
	GlobalSection(ProjectConfigurationPlatforms) = postSolution
		{3C97F271-B619-418D-A39D-B7EAB0CBDF5F}.Debug|Any CPU.ActiveCfg = Debug|Any CPU
		{3C97F271-B619-418D-A39D-B7EAB0CBDF5F}.Debug|Any CPU.Build.0 = Debug|Any CPU
		{3C97F271-B619-418D-A39D-B7EAB0CBDF5F}.Release|Any CPU.ActiveCfg = Release|Any CPU
		{3C97F271-B619-418D-A39D-B7EAB0CBDF5F}.Release|Any CPU.Build.0 = Release|Any CPU
	EndGlobalSection
	GlobalSection(SolutionProperties) = preSolution
		HideSolutionNode = FALSE
	EndGlobalSection
	GlobalSection(ExtensibilityGlobals) = postSolution
		SolutionGuid = {15EB5BCF-FB66-4E37-99EB-3B3337BFAF9C}
	EndGlobalSection
EndGlobal
