
Microsoft Visual Studio Solution File, Format Version 12.00
# Visual Studio Version 16
VisualStudioVersion = 16.0.31605.320
MinimumVisualStudioVersion = 10.0.40219.1
Project("{FAE04EC0-301F-11D3-BF4B-00C04F79EFBC}") = "StudentExamStatusCalculation_app", "StudentExamStatusCalculation_app\StudentExamStatusCalculation_app.csproj", "{87D4CDBF-1964-452D-8E8E-DC4CAABEF99F}"
EndProject
Global
	GlobalSection(SolutionConfigurationPlatforms) = preSolution
		Debug|Any CPU = Debug|Any CPU
		Release|Any CPU = Release|Any CPU
	EndGlobalSection
	GlobalSection(ProjectConfigurationPlatforms) = postSolution
		{87D4CDBF-1964-452D-8E8E-DC4CAABEF99F}.Debug|Any CPU.ActiveCfg = Debug|Any CPU
		{87D4CDBF-1964-452D-8E8E-DC4CAABEF99F}.Debug|Any CPU.Build.0 = Debug|Any CPU
		{87D4CDBF-1964-452D-8E8E-DC4CAABEF99F}.Release|Any CPU.ActiveCfg = Release|Any CPU
		{87D4CDBF-1964-452D-8E8E-DC4CAABEF99F}.Release|Any CPU.Build.0 = Release|Any CPU
	EndGlobalSection
	GlobalSection(SolutionProperties) = preSolution
		HideSolutionNode = FALSE
	EndGlobalSection
	GlobalSection(ExtensibilityGlobals) = postSolution
		SolutionGuid = {AAB1E828-A03F-465B-A463-BE4F71D85D26}
	EndGlobalSection
EndGlobal
