
Microsoft Visual Studio Solution File, Format Version 12.00
# Visual Studio Version 16
VisualStudioVersion = 16.0.31605.320
MinimumVisualStudioVersion = 10.0.40219.1
Project("{FAE04EC0-301F-11D3-BF4B-00C04F79EFBC}") = "Arrays", "Arrays\Arrays.csproj", "{AB2E2FCD-6E54-43B8-98C4-2EDEA78B14A9}"
EndProject
Global
	GlobalSection(SolutionConfigurationPlatforms) = preSolution
		Debug|Any CPU = Debug|Any CPU
		Release|Any CPU = Release|Any CPU
	EndGlobalSection
	GlobalSection(ProjectConfigurationPlatforms) = postSolution
		{AB2E2FCD-6E54-43B8-98C4-2EDEA78B14A9}.Debug|Any CPU.ActiveCfg = Debug|Any CPU
		{AB2E2FCD-6E54-43B8-98C4-2EDEA78B14A9}.Debug|Any CPU.Build.0 = Debug|Any CPU
		{AB2E2FCD-6E54-43B8-98C4-2EDEA78B14A9}.Release|Any CPU.ActiveCfg = Release|Any CPU
		{AB2E2FCD-6E54-43B8-98C4-2EDEA78B14A9}.Release|Any CPU.Build.0 = Release|Any CPU
	EndGlobalSection
	GlobalSection(SolutionProperties) = preSolution
		HideSolutionNode = FALSE
	EndGlobalSection
	GlobalSection(ExtensibilityGlobals) = postSolution
		SolutionGuid = {48FDC8F7-24BA-4C8E-B3A0-FBC7151828CE}
	EndGlobalSection
EndGlobal
