
Microsoft Visual Studio Solution File, Format Version 12.00
# Visual Studio Version 16
VisualStudioVersion = 16.0.31605.320
MinimumVisualStudioVersion = 10.0.40219.1
Project("{FAE04EC0-301F-11D3-BF4B-00C04F79EFBC}") = "Captcha", "Captcha\Captcha.csproj", "{D57157C3-8FDB-4EBF-8233-C0CF43ABA44D}"
EndProject
Global
	GlobalSection(SolutionConfigurationPlatforms) = preSolution
		Debug|Any CPU = Debug|Any CPU
		Release|Any CPU = Release|Any CPU
	EndGlobalSection
	GlobalSection(ProjectConfigurationPlatforms) = postSolution
		{D57157C3-8FDB-4EBF-8233-C0CF43ABA44D}.Debug|Any CPU.ActiveCfg = Debug|Any CPU
		{D57157C3-8FDB-4EBF-8233-C0CF43ABA44D}.Debug|Any CPU.Build.0 = Debug|Any CPU
		{D57157C3-8FDB-4EBF-8233-C0CF43ABA44D}.Release|Any CPU.ActiveCfg = Release|Any CPU
		{D57157C3-8FDB-4EBF-8233-C0CF43ABA44D}.Release|Any CPU.Build.0 = Release|Any CPU
	EndGlobalSection
	GlobalSection(SolutionProperties) = preSolution
		HideSolutionNode = FALSE
	EndGlobalSection
	GlobalSection(ExtensibilityGlobals) = postSolution
		SolutionGuid = {229D030F-74E9-41D3-B8C3-9B8B8D70B6C0}
	EndGlobalSection
EndGlobal
