
Microsoft Visual Studio Solution File, Format Version 12.00
# Visual Studio Version 16
VisualStudioVersion = 16.0.31605.320
MinimumVisualStudioVersion = 10.0.40219.1
Project("{FAE04EC0-301F-11D3-BF4B-00C04F79EFBC}") = "Variables_Char", "Variables_Char\Variables_Char.csproj", "{9D444FA4-0D8C-411A-8B51-ACBF2416A975}"
EndProject
Global
	GlobalSection(SolutionConfigurationPlatforms) = preSolution
		Debug|Any CPU = Debug|Any CPU
		Release|Any CPU = Release|Any CPU
	EndGlobalSection
	GlobalSection(ProjectConfigurationPlatforms) = postSolution
		{9D444FA4-0D8C-411A-8B51-ACBF2416A975}.Debug|Any CPU.ActiveCfg = Debug|Any CPU
		{9D444FA4-0D8C-411A-8B51-ACBF2416A975}.Debug|Any CPU.Build.0 = Debug|Any CPU
		{9D444FA4-0D8C-411A-8B51-ACBF2416A975}.Release|Any CPU.ActiveCfg = Release|Any CPU
		{9D444FA4-0D8C-411A-8B51-ACBF2416A975}.Release|Any CPU.Build.0 = Release|Any CPU
	EndGlobalSection
	GlobalSection(SolutionProperties) = preSolution
		HideSolutionNode = FALSE
	EndGlobalSection
	GlobalSection(ExtensibilityGlobals) = postSolution
		SolutionGuid = {A3AB3BF0-D8F8-43FE-AE7F-E5742E93F637}
	EndGlobalSection
EndGlobal
